
Microsoft Visual Studio Solution File, Format Version 12.00
# Visual Studio Version 17
VisualStudioVersion = 17.9.34607.119
MinimumVisualStudioVersion = 10.0.40219.1
Project("{FAE04EC0-301F-11D3-BF4B-00C04F79EFBC}") = "BulkyBookWebMVC", "BulkyBookWebMVC\BulkyBookWebMVC.csproj", "{D6EEB662-AD56-499E-9949-6183376DFB6D}"
EndProject
Global
	GlobalSection(SolutionConfigurationPlatforms) = preSolution
		Debug|Any CPU = Debug|Any CPU
		Release|Any CPU = Release|Any CPU
	EndGlobalSection
	GlobalSection(ProjectConfigurationPlatforms) = postSolution
		{D6EEB662-AD56-499E-9949-6183376DFB6D}.Debug|Any CPU.ActiveCfg = Debug|Any CPU
		{D6EEB662-AD56-499E-9949-6183376DFB6D}.Debug|Any CPU.Build.0 = Debug|Any CPU
		{D6EEB662-AD56-499E-9949-6183376DFB6D}.Release|Any CPU.ActiveCfg = Release|Any CPU
		{D6EEB662-AD56-499E-9949-6183376DFB6D}.Release|Any CPU.Build.0 = Release|Any CPU
	EndGlobalSection
	GlobalSection(SolutionProperties) = preSolution
		HideSolutionNode = FALSE
	EndGlobalSection
	GlobalSection(ExtensibilityGlobals) = postSolution
		SolutionGuid = {52EB3E34-8C49-4068-9186-67F9274D0B89}
	EndGlobalSection
EndGlobal
